// !$*UTF8*$!
{
	archiveVersion = 1;
	classes = {
	};
	objectVersion = 46;
	objects = {

/* Begin PBXBuildFile section */
		7EFDF92A1A4BF88B004F1687 /* AppDelegate.swift in Sources */ = {isa = PBXBuildFile; fileRef = 7EFDF9291A4BF88B004F1687 /* AppDelegate.swift */; };
		7EFDF92C1A4BF88B004F1687 /* ViewController.swift in Sources */ = {isa = PBXBuildFile; fileRef = 7EFDF92B1A4BF88B004F1687 /* ViewController.swift */; };
		7EFDF92F1A4BF88B004F1687 /* Main.storyboard in Resources */ = {isa = PBXBuildFile; fileRef = 7EFDF92D1A4BF88B004F1687 /* Main.storyboard */; };
		7EFDF9311A4BF88B004F1687 /* Images.xcassets in Resources */ = {isa = PBXBuildFile; fileRef = 7EFDF9301A4BF88B004F1687 /* Images.xcassets */; };
		7EFDF9341A4BF88B004F1687 /* LaunchScreen.xib in Resources */ = {isa = PBXBuildFile; fileRef = 7EFDF9321A4BF88B004F1687 /* LaunchScreen.xib */; };
		7EFDF9401A4BF88B004F1687 /* PostcardTests.swift in Sources */ = {isa = PBXBuildFile; fileRef = 7EFDF93F1A4BF88B004F1687 /* PostcardTests.swift */; };
		7EFDF94A1A4C2EA1004F1687 /* SagradaFamilia.jpeg in Resources */ = {isa = PBXBuildFile; fileRef = 7EFDF9491A4C2EA1004F1687 /* SagradaFamilia.jpeg */; };
		7EFDF94C1A4C36CD004F1687 /* AlbertEinsteinStamp.jpg in Resources */ = {isa = PBXBuildFile; fileRef = 7EFDF94B1A4C36CD004F1687 /* AlbertEinsteinStamp.jpg */; };
/* End PBXBuildFile section */

/* Begin PBXContainerItemProxy section */
		7EFDF93A1A4BF88B004F1687 /* PBXContainerItemProxy */ = {
			isa = PBXContainerItemProxy;
			containerPortal = 7EFDF91C1A4BF88B004F1687 /* Project object */;
			proxyType = 1;
			remoteGlobalIDString = 7EFDF9231A4BF88B004F1687;
			remoteInfo = Postcard;
		};
/* End PBXContainerItemProxy section */

/* Begin PBXFileReference section */
		7EFDF9241A4BF88B004F1687 /* Postcard.app */ = {isa = PBXFileReference; explicitFileType = wrapper.application; includeInIndex = 0; path = Postcard.app; sourceTree = BUILT_PRODUCTS_DIR; };
		7EFDF9281A4BF88B004F1687 /* Info.plist */ = {isa = PBXFileReference; lastKnownFileType = text.plist.xml; path = Info.plist; sourceTree = "<group>"; };
		7EFDF9291A4BF88B004F1687 /* AppDelegate.swift */ = {isa = PBXFileReference; lastKnownFileType = sourcecode.swift; path = AppDelegate.swift; sourceTree = "<group>"; };
		7EFDF92B1A4BF88B004F1687 /* ViewController.swift */ = {isa = PBXFileReference; lastKnownFileType = sourcecode.swift; path = ViewController.swift; sourceTree = "<group>"; };
		7EFDF92E1A4BF88B004F1687 /* Base */ = {isa = PBXFileReference; lastKnownFileType = file.storyboard; name = Base; path = Base.lproj/Main.storyboard; sourceTree = "<group>"; };
		7EFDF9301A4BF88B004F1687 /* Images.xcassets */ = {isa = PBXFileReference; lastKnownFileType = folder.assetcatalog; path = Images.xcassets; sourceTree = "<group>"; };
		7EFDF9331A4BF88B004F1687 /* Base */ = {isa = PBXFileReference; lastKnownFileType = file.xib; name = Base; path = Base.lproj/LaunchScreen.xib; sourceTree = "<group>"; };
		7EFDF9391A4BF88B004F1687 /* PostcardTests.xctest */ = {isa = PBXFileReference; explicitFileType = wrapper.cfbundle; includeInIndex = 0; path = PostcardTests.xctest; sourceTree = BUILT_PRODUCTS_DIR; };
		7EFDF93E1A4BF88B004F1687 /* Info.plist */ = {isa = PBXFileReference; lastKnownFileType = text.plist.xml; path = Info.plist; sourceTree = "<group>"; };
		7EFDF93F1A4BF88B004F1687 /* PostcardTests.swift */ = {isa = PBXFileReference; lastKnownFileType = sourcecode.swift; path = PostcardTests.swift; sourceTree = "<group>"; };
		7EFDF9491A4C2EA1004F1687 /* SagradaFamilia.jpeg */ = {isa = PBXFileReference; lastKnownFileType = image.jpeg; path = SagradaFamilia.jpeg; sourceTree = "<group>"; };
		7EFDF94B1A4C36CD004F1687 /* AlbertEinsteinStamp.jpg */ = {isa = PBXFileReference; lastKnownFileType = image.jpeg; path = AlbertEinsteinStamp.jpg; sourceTree = "<group>"; };
/* End PBXFileReference section */

/* Begin PBXFrameworksBuildPhase section */
		7EFDF9211A4BF88B004F1687 /* Frameworks */ = {
			isa = PBXFrameworksBuildPhase;
			buildActionMask = 2147483647;
			files = (
			);
			runOnlyForDeploymentPostprocessing = 0;
		};
		7EFDF9361A4BF88B004F1687 /* Frameworks */ = {
			isa = PBXFrameworksBuildPhase;
			buildActionMask = 2147483647;
			files = (
			);
			runOnlyForDeploymentPostprocessing = 0;
		};
/* End PBXFrameworksBuildPhase section */

/* Begin PBXGroup section */
		7EFDF91B1A4BF88B004F1687 = {
			isa = PBXGroup;
			children = (
				7EFDF9261A4BF88B004F1687 /* Postcard */,
				7EFDF93C1A4BF88B004F1687 /* PostcardTests */,
				7EFDF9251A4BF88B004F1687 /* Products */,
			);
			sourceTree = "<group>";
		};
		7EFDF9251A4BF88B004F1687 /* Products */ = {
			isa = PBXGroup;
			children = (
				7EFDF9241A4BF88B004F1687 /* Postcard.app */,
				7EFDF9391A4BF88B004F1687 /* PostcardTests.xctest */,
			);
			name = Products;
			sourceTree = "<group>";
		};
		7EFDF9261A4BF88B004F1687 /* Postcard */ = {
			isa = PBXGroup;
			children = (
				7EFDF9291A4BF88B004F1687 /* AppDelegate.swift */,
				7EFDF92B1A4BF88B004F1687 /* ViewController.swift */,
				7EFDF92D1A4BF88B004F1687 /* Main.storyboard */,
				7EFDF9301A4BF88B004F1687 /* Images.xcassets */,
				7EFDF9321A4BF88B004F1687 /* LaunchScreen.xib */,
				7EFDF9271A4BF88B004F1687 /* Supporting Files */,
			);
			path = Postcard;
			sourceTree = "<group>";
		};
		7EFDF9271A4BF88B004F1687 /* Supporting Files */ = {
			isa = PBXGroup;
			children = (
				7EFDF94B1A4C36CD004F1687 /* AlbertEinsteinStamp.jpg */,
				7EFDF9491A4C2EA1004F1687 /* SagradaFamilia.jpeg */,
				7EFDF9281A4BF88B004F1687 /* Info.plist */,
			);
			name = "Supporting Files";
			sourceTree = "<group>";
		};
		7EFDF93C1A4BF88B004F1687 /* PostcardTests */ = {
			isa = PBXGroup;
			children = (
				7EFDF93F1A4BF88B004F1687 /* PostcardTests.swift */,
				7EFDF93D1A4BF88B004F1687 /* Supporting Files */,
			);
			path = PostcardTests;
			sourceTree = "<group>";
		};
		7EFDF93D1A4BF88B004F1687 /* Supporting Files */ = {
			isa = PBXGroup;
			children = (
				7EFDF93E1A4BF88B004F1687 /* Info.plist */,
			);
			name = "Supporting Files";
			sourceTree = "<group>";
		};
/* End PBXGroup section */

/* Begin PBXNativeTarget section */
		7EFDF9231A4BF88B004F1687 /* Postcard */ = {
			isa = PBXNativeTarget;
			buildConfigurationList = 7EFDF9431A4BF88B004F1687 /* Build configuration list for PBXNativeTarget "Postcard" */;
			buildPhases = (
				7EFDF9201A4BF88B004F1687 /* Sources */,
				7EFDF9211A4BF88B004F1687 /* Frameworks */,
				7EFDF9221A4BF88B004F1687 /* Resources */,
			);
			buildRules = (
			);
			dependencies = (
			);
			name = Postcard;
			productName = Postcard;
			productReference = 7EFDF9241A4BF88B004F1687 /* Postcard.app */;
			productType = "com.apple.product-type.application";
		};
		7EFDF9381A4BF88B004F1687 /* PostcardTests */ = {
			isa = PBXNativeTarget;
			buildConfigurationList = 7EFDF9461A4BF88B004F1687 /* Build configuration list for PBXNativeTarget "PostcardTests" */;
			buildPhases = (
				7EFDF9351A4BF88B004F1687 /* Sources */,
				7EFDF9361A4BF88B004F1687 /* Frameworks */,
				7EFDF9371A4BF88B004F1687 /* Resources */,
			);
			buildRules = (
			);
			dependencies = (
				7EFDF93B1A4BF88B004F1687 /* PBXTargetDependency */,
			);
			name = PostcardTests;
			productName = PostcardTests;
			productReference = 7EFDF9391A4BF88B004F1687 /* PostcardTests.xctest */;
			productType = "com.apple.product-type.bundle.unit-test";
		};
/* End PBXNativeTarget section */

/* Begin PBXProject section */
		7EFDF91C1A4BF88B004F1687 /* Project object */ = {
			isa = PBXProject;
			attributes = {
				LastUpgradeCheck = 0610;
				ORGANIZATIONNAME = "Gerold Porenta";
				TargetAttributes = {
					7EFDF9231A4BF88B004F1687 = {
						CreatedOnToolsVersion = 6.1.1;
					};
					7EFDF9381A4BF88B004F1687 = {
						CreatedOnToolsVersion = 6.1.1;
						TestTargetID = 7EFDF9231A4BF88B004F1687;
					};
				};
			};
			buildConfigurationList = 7EFDF91F1A4BF88B004F1687 /* Build configuration list for PBXProject "Postcard" */;
			compatibilityVersion = "Xcode 3.2";
			developmentRegion = English;
			hasScannedForEncodings = 0;
			knownRegions = (
				en,
				Base,
			);
			mainGroup = 7EFDF91B1A4BF88B004F1687;
			productRefGroup = 7EFDF9251A4BF88B004F1687 /* Products */;
			projectDirPath = "";
			projectRoot = "";
			targets = (
				7EFDF9231A4BF88B004F1687 /* Postcard */,
				7EFDF9381A4BF88B004F1687 /* PostcardTests */,
			);
		};
/* End PBXProject section */

/* Begin PBXResourcesBuildPhase section */
		7EFDF9221A4BF88B004F1687 /* Resources */ = {
			isa = PBXResourcesBuildPhase;
			buildActionMask = 2147483647;
			files = (
				7EFDF92F1A4BF88B004F1687 /* Main.storyboard in Resources */,
				7EFDF94A1A4C2EA1004F1687 /* SagradaFamilia.jpeg in Resources */,
				7EFDF94C1A4C36CD004F1687 /* AlbertEinsteinStamp.jpg in Resources */,
				7EFDF9341A4BF88B004F1687 /* LaunchScreen.xib in Resources */,
				7EFDF9311A4BF88B004F1687 /* Images.xcassets in Resources */,
			);
			runOnlyForDeploymentPostprocessing = 0;
		};
		7EFDF9371A4BF88B004F1687 /* Resources */ = {
			isa = PBXResourcesBuildPhase;
			buildActionMask = 2147483647;
			files = (
			);
			runOnlyForDeploymentPostprocessing = 0;
		};
/* End PBXResourcesBuildPhase section */

/* Begin PBXSourcesBuildPhase section */
		7EFDF9201A4BF88B004F1687 /* Sources */ = {
			isa = PBXSourcesBuildPhase;
			buildActionMask = 2147483647;
			files = (
				7EFDF92C1A4BF88B004F1687 /* ViewController.swift in Sources */,
				7EFDF92A1A4BF88B004F1687 /* AppDelegate.swift in Sources */,
			);
			runOnlyForDeploymentPostprocessing = 0;
		};
		7EFDF9351A4BF88B004F1687 /* Sources */ = {
			isa = PBXSourcesBuildPhase;
			buildActionMask = 2147483647;
			files = (
				7EFDF9401A4BF88B004F1687 /* PostcardTests.swift in Sources */,
			);
			runOnlyForDeploymentPostprocessing = 0;
		};
/* End PBXSourcesBuildPhase section */

/* Begin PBXTargetDependency section */
		7EFDF93B1A4BF88B004F1687 /* PBXTargetDependency */ = {
			isa = PBXTargetDependency;
			target = 7EFDF9231A4BF88B004F1687 /* Postcard */;
			targetProxy = 7EFDF93A1A4BF88B004F1687 /* PBXContainerItemProxy */;
		};
/* End PBXTargetDependency section */

/* Begin PBXVariantGroup section */
		7EFDF92D1A4BF88B004F1687 /* Main.storyboard */ = {
			isa = PBXVariantGroup;
			children = (
				7EFDF92E1A4BF88B004F1687 /* Base */,
			);
			name = Main.storyboard;
			sourceTree = "<group>";
		};
		7EFDF9321A4BF88B004F1687 /* LaunchScreen.xib */ = {
			isa = PBXVariantGroup;
			children = (
				7EFDF9331A4BF88B004F1687 /* Base */,
			);
			name = LaunchScreen.xib;
			sourceTree = "<group>";
		};
/* End PBXVariantGroup section */

/* Begin XCBuildConfiguration section */
		7EFDF9411A4BF88B004F1687 /* Debug */ = {
			isa = XCBuildConfiguration;
			buildSettings = {
				ALWAYS_SEARCH_USER_PATHS = NO;
				CLANG_CXX_LANGUAGE_STANDARD = "gnu++0x";
				CLANG_CXX_LIBRARY = "libc++";
				CLANG_ENABLE_MODULES = YES;
				CLANG_ENABLE_OBJC_ARC = YES;
				CLANG_WARN_BOOL_CONVERSION = YES;
				CLANG_WARN_CONSTANT_CONVERSION = YES;
				CLANG_WARN_DIRECT_OBJC_ISA_USAGE = YES_ERROR;
				CLANG_WARN_EMPTY_BODY = YES;
				CLANG_WARN_ENUM_CONVERSION = YES;
				CLANG_WARN_INT_CONVERSION = YES;
				CLANG_WARN_OBJC_ROOT_CLASS = YES_ERROR;
				CLANG_WARN_UNREACHABLE_CODE = YES;
				CLANG_WARN__DUPLICATE_METHOD_MATCH = YES;
				"CODE_SIGN_IDENTITY[sdk=iphoneos*]" = "iPhone Developer";
				COPY_PHASE_STRIP = NO;
				ENABLE_STRICT_OBJC_MSGSEND = YES;
				GCC_C_LANGUAGE_STANDARD = gnu99;
				GCC_DYNAMIC_NO_PIC = NO;
				GCC_OPTIMIZATION_LEVEL = 0;
				GCC_PREPROCESSOR_DEFINITIONS = (
					"DEBUG=1",
					"$(inherited)",
				);
				GCC_SYMBOLS_PRIVATE_EXTERN = NO;
				GCC_WARN_64_TO_32_BIT_CONVERSION = YES;
				GCC_WARN_ABOUT_RETURN_TYPE = YES_ERROR;
				GCC_WARN_UNDECLARED_SELECTOR = YES;
				GCC_WARN_UNINITIALIZED_AUTOS = YES_AGGRESSIVE;
				GCC_WARN_UNUSED_FUNCTION = YES;
				GCC_WARN_UNUSED_VARIABLE = YES;
				IPHONEOS_DEPLOYMENT_TARGET = 8.1;
				MTL_ENABLE_DEBUG_INFO = YES;
				ONLY_ACTIVE_ARCH = YES;
				SDKROOT = iphoneos;
				SWIFT_OPTIMIZATION_LEVEL = "-Onone";
				TARGETED_DEVICE_FAMILY = "1,2";
			};
			name = Debug;
		};
		7EFDF9421A4BF88B004F1687 /* Release */ = {
			isa = XCBuildConfiguration;
			buildSettings = {
				ALWAYS_SEARCH_USER_PATHS = NO;
				CLANG_CXX_LANGUAGE_STANDARD = "gnu++0x";
				CLANG_CXX_LIBRARY = "libc++";
				CLANG_ENABLE_MODULES = YES;
				CLANG_ENABLE_OBJC_ARC = YES;
				CLANG_WARN_BOOL_CONVERSION = YES;
				CLANG_WARN_CONSTANT_CONVERSION = YES;
				CLANG_WARN_DIRECT_OBJC_ISA_USAGE = YES_ERROR;
				CLANG_WARN_EMPTY_BODY = YES;
				CLANG_WARN_ENUM_CONVERSION = YES;
				CLANG_WARN_INT_CONVERSION = YES;
				CLANG_WARN_OBJC_ROOT_CLASS = YES_ERROR;
				CLANG_WARN_UNREACHABLE_CODE = YES;
				CLANG_WARN__DUPLICATE_METHOD_MATCH = YES;
				"CODE_SIGN_IDENTITY[sdk=iphoneos*]" = "iPhone Developer";
				COPY_PHASE_STRIP = YES;
				ENABLE_NS_ASSERTIONS = NO;
				ENABLE_STRICT_OBJC_MSGSEND = YES;
				GCC_C_LANGUAGE_STANDARD = gnu99;
				GCC_WARN_64_TO_32_BIT_CONVERSION = YES;
				GCC_WARN_ABOUT_RETURN_TYPE = YES_ERROR;
				GCC_WARN_UNDECLARED_SELECTOR = YES;
				GCC_WARN_UNINITIALIZED_AUTOS = YES_AGGRESSIVE;
				GCC_WARN_UNUSED_FUNCTION = YES;
				GCC_WARN_UNUSED_VARIABLE = YES;
				IPHONEOS_DEPLOYMENT_TARGET = 8.1;
				MTL_ENABLE_DEBUG_INFO = NO;
				SDKROOT = iphoneos;
				TARGETED_DEVICE_FAMILY = "1,2";
				VALIDATE_PRODUCT = YES;
			};
			name = Release;
		};
		7EFDF9441A4BF88B004F1687 /* Debug */ = {
			isa = XCBuildConfiguration;
			buildSettings = {
				ASSETCATALOG_COMPILER_APPICON_NAME = AppIcon;
				INFOPLIST_FILE = Postcard/Info.plist;
				LD_RUNPATH_SEARCH_PATHS = "$(inherited) @executable_path/Frameworks";
				PRODUCT_NAME = "$(TARGET_NAME)";
			};
			name = Debug;
		};
		7EFDF9451A4BF88B004F1687 /* Release */ = {
			isa = XCBuildConfiguration;
			buildSettings = {
				ASSETCATALOG_COMPILER_APPICON_NAME = AppIcon;
				INFOPLIST_FILE = Postcard/Info.plist;
				LD_RUNPATH_SEARCH_PATHS = "$(inherited) @executable_path/Frameworks";
				PRODUCT_NAME = "$(TARGET_NAME)";
			};
			name = Release;
		};
		7EFDF9471A4BF88B004F1687 /* Debug */ = {
			isa = XCBuildConfiguration;
			buildSettings = {
				BUNDLE_LOADER = "$(TEST_HOST)";
				FRAMEWORK_SEARCH_PATHS = (
					"$(SDKROOT)/Developer/Library/Frameworks",
					"$(inherited)",
				);
				GCC_PREPROCESSOR_DEFINITIONS = (
					"DEBUG=1",
					"$(inherited)",
				);
				INFOPLIST_FILE = PostcardTests/Info.plist;
				LD_RUNPATH_SEARCH_PATHS = "$(inherited) @executable_path/Frameworks @loader_path/Frameworks";
				PRODUCT_NAME = "$(TARGET_NAME)";
				TEST_HOST = "$(BUILT_PRODUCTS_DIR)/Postcard.app/Postcard";
			};
			name = Debug;
		};
		7EFDF9481A4BF88B004F1687 /* Release */ = {
			isa = XCBuildConfiguration;
			buildSettings = {
				BUNDLE_LOADER = "$(TEST_HOST)";
				FRAMEWORK_SEARCH_PATHS = (
					"$(SDKROOT)/Developer/Library/Frameworks",
					"$(inherited)",
				);
				INFOPLIST_FILE = PostcardTests/Info.plist;
				LD_RUNPATH_SEARCH_PATHS = "$(inherited) @executable_path/Frameworks @loader_path/Frameworks";
				PRODUCT_NAME = "$(TARGET_NAME)";
				TEST_HOST = "$(BUILT_PRODUCTS_DIR)/Postcard.app/Postcard";
			};
			name = Release;
		};
/* End XCBuildConfiguration section */

/* Begin XCConfigurationList section */
		7EFDF91F1A4BF88B004F1687 /* Build configuration list for PBXProject "Postcard" */ = {
			isa = XCConfigurationList;
			buildConfigurations = (
				7EFDF9411A4BF88B004F1687 /* Debug */,
				7EFDF9421A4BF88B004F1687 /* Release */,
			);
			defaultConfigurationIsVisible = 0;
			defaultConfigurationName = Release;
		};
		7EFDF9431A4BF88B004F1687 /* Build configuration list for PBXNativeTarget "Postcard" */ = {
			isa = XCConfigurationList;
			buildConfigurations = (
				7EFDF9441A4BF88B004F1687 /* Debug */,
				7EFDF9451A4BF88B004F1687 /* Release */,
			);
			defaultConfigurationIsVisible = 0;
		};
		7EFDF9461A4BF88B004F1687 /* Build configuration list for PBXNativeTarget "PostcardTests" */ = {
			isa = XCConfigurationList;
			buildConfigurations = (
				7EFDF9471A4BF88B004F1687 /* Debug */,
				7EFDF9481A4BF88B004F1687 /* Release */,
			);
			defaultConfigurationIsVisible = 0;
		};
/* End XCConfigurationList section */
	};
	rootObject = 7EFDF91C1A4BF88B004F1687 /* Project object */;
}
